
Microsoft Visual Studio Solution File, Format Version 12.00
Project("{FAE04EC0-301F-11D3-BF4B-00C04F79EFBC}") = "priority-queue", "priority-queue\priority-queue.csproj", "{D04865D0-3E73-4F00-ADE0-F74F205A2226}"
EndProject
Project("{FAE04EC0-301F-11D3-BF4B-00C04F79EFBC}") = "postman-demo", "postman-demo\postman-demo.csproj", "{C2894250-5046-4B6D-9A09-990CC7810AC4}"
EndProject
Global
	GlobalSection(SolutionConfigurationPlatforms) = preSolution
		Debug|Any CPU = Debug|Any CPU
		Release|Any CPU = Release|Any CPU
	EndGlobalSection
	GlobalSection(ProjectConfigurationPlatforms) = postSolution
		{D04865D0-3E73-4F00-ADE0-F74F205A2226}.Debug|Any CPU.ActiveCfg = Debug|Any CPU
		{D04865D0-3E73-4F00-ADE0-F74F205A2226}.Debug|Any CPU.Build.0 = Debug|Any CPU
		{D04865D0-3E73-4F00-ADE0-F74F205A2226}.Release|Any CPU.ActiveCfg = Release|Any CPU
		{D04865D0-3E73-4F00-ADE0-F74F205A2226}.Release|Any CPU.Build.0 = Release|Any CPU
		{C2894250-5046-4B6D-9A09-990CC7810AC4}.Debug|Any CPU.ActiveCfg = Debug|Any CPU
		{C2894250-5046-4B6D-9A09-990CC7810AC4}.Debug|Any CPU.Build.0 = Debug|Any CPU
		{C2894250-5046-4B6D-9A09-990CC7810AC4}.Release|Any CPU.ActiveCfg = Release|Any CPU
		{C2894250-5046-4B6D-9A09-990CC7810AC4}.Release|Any CPU.Build.0 = Release|Any CPU
	EndGlobalSection
EndGlobal
